
Microsoft Visual Studio Solution File, Format Version 12.00
# Visual Studio Version 17
VisualStudioVersion = 17.11.35327.3
MinimumVisualStudioVersion = 10.0.40219.1
Project("{FAE04EC0-301F-11D3-BF4B-00C04F79EFBC}") = "Interfaces", "Interfaces\Interfaces.csproj", "{752045FB-35D0-445E-9A9F-8A51AEE204EF}"
EndProject
Global
	GlobalSection(SolutionConfigurationPlatforms) = preSolution
		Debug|Any CPU = Debug|Any CPU
		Release|Any CPU = Release|Any CPU
	EndGlobalSection
	GlobalSection(ProjectConfigurationPlatforms) = postSolution
		{752045FB-35D0-445E-9A9F-8A51AEE204EF}.Debug|Any CPU.ActiveCfg = Debug|Any CPU
		{752045FB-35D0-445E-9A9F-8A51AEE204EF}.Debug|Any CPU.Build.0 = Debug|Any CPU
		{752045FB-35D0-445E-9A9F-8A51AEE204EF}.Release|Any CPU.ActiveCfg = Release|Any CPU
		{752045FB-35D0-445E-9A9F-8A51AEE204EF}.Release|Any CPU.Build.0 = Release|Any CPU
	EndGlobalSection
	GlobalSection(SolutionProperties) = preSolution
		HideSolutionNode = FALSE
	EndGlobalSection
	GlobalSection(ExtensibilityGlobals) = postSolution
		SolutionGuid = {BE10305D-92C1-4DE6-997E-F99F2F97ABC9}
	EndGlobalSection
EndGlobal
